// !$*UTF8*$!
{
	archiveVersion = 1;
	classes = {
	};
	objectVersion = 46;
	objects = {

/* Begin PBXBuildFile section */
		A90CE5781AA88EF900F3A565 /* UserDataUtil.swift in Sources */ = {isa = PBXBuildFile; fileRef = A90CE5771AA88EF900F3A565 /* UserDataUtil.swift */; };
		A90CE57A1AA89CFD00F3A565 /* best.png in Resources */ = {isa = PBXBuildFile; fileRef = A90CE5791AA89CFD00F3A565 /* best.png */; };
		A90CE57C1AA8B0F200F3A565 /* Social.framework in Frameworks */ = {isa = PBXBuildFile; fileRef = A90CE57B1AA8B0F200F3A565 /* Social.framework */; settings = {ATTRIBUTES = (Required, ); }; };
		A90CE5831AA8C3FA00F3A565 /* tweet_btn.png in Resources */ = {isa = PBXBuildFile; fileRef = A90CE5811AA8C3FA00F3A565 /* tweet_btn.png */; };
		A90CE5841AA8C3FA00F3A565 /* fb_btn.png in Resources */ = {isa = PBXBuildFile; fileRef = A90CE5821AA8C3FA00F3A565 /* fb_btn.png */; };
		A90CE58B1AAB0BEF00F3A565 /* HowtoScene.sks in Resources */ = {isa = PBXBuildFile; fileRef = A90CE58A1AAB0BEF00F3A565 /* HowtoScene.sks */; };
		A90CE58D1AAB0C3900F3A565 /* HowtoScene.swift in Sources */ = {isa = PBXBuildFile; fileRef = A90CE58C1AAB0C3900F3A565 /* HowtoScene.swift */; };
		A90CE5CE1AAD751A00F3A565 /* title.png in Resources */ = {isa = PBXBuildFile; fileRef = A90CE5D01AAD751A00F3A565 /* title.png */; };
		A90CE5D31AAD75B900F3A565 /* howto_btn.png in Resources */ = {isa = PBXBuildFile; fileRef = A90CE5D51AAD75B900F3A565 /* howto_btn.png */; };
		A90CE5DA1AAD788A00F3A565 /* ranking_btn.png in Resources */ = {isa = PBXBuildFile; fileRef = A90CE5DC1AAD788A00F3A565 /* ranking_btn.png */; };
		A90CE5DF1AAD795900F3A565 /* start_btn.png in Resources */ = {isa = PBXBuildFile; fileRef = A90CE5E11AAD795900F3A565 /* start_btn.png */; };
		A90CE5E41AAD7A3E00F3A565 /* sum.png in Resources */ = {isa = PBXBuildFile; fileRef = A90CE5E61AAD7A3E00F3A565 /* sum.png */; };
		A90CE5E81AAD7A4D00F3A565 /* remain.png in Resources */ = {isa = PBXBuildFile; fileRef = A90CE5EA1AAD7A4D00F3A565 /* remain.png */; };
		A90CE5EC1AAD7C2800F3A565 /* retry_btn.png in Resources */ = {isa = PBXBuildFile; fileRef = A90CE5EE1AAD7C2800F3A565 /* retry_btn.png */; };
		A90CE5F01AAD7C3500F3A565 /* back_btn.png in Resources */ = {isa = PBXBuildFile; fileRef = A90CE5F21AAD7C3500F3A565 /* back_btn.png */; };
		A90CE5F41AAD7C3F00F3A565 /* result_head.png in Resources */ = {isa = PBXBuildFile; fileRef = A90CE5F61AAD7C3F00F3A565 /* result_head.png */; };
		A90CE5F81AAD7C4E00F3A565 /* title_main.png in Resources */ = {isa = PBXBuildFile; fileRef = A90CE5FA1AAD7C4E00F3A565 /* title_main.png */; };
		A90CE5FC1AAD7D4B00F3A565 /* stop_btn.png in Resources */ = {isa = PBXBuildFile; fileRef = A90CE5FE1AAD7D4B00F3A565 /* stop_btn.png */; };
		A90CE6021AAD86A400F3A565 /* Localizable.strings in Resources */ = {isa = PBXBuildFile; fileRef = A90CE6041AAD86A400F3A565 /* Localizable.strings */; };
		A90CE6061AAD8A1800F3A565 /* howtoview.png in Resources */ = {isa = PBXBuildFile; fileRef = A90CE6081AAD8A1800F3A565 /* howtoview.png */; };
		A91609B41AA5EA8D006FD716 /* boss_1.png in Resources */ = {isa = PBXBuildFile; fileRef = A91609B21AA5EA8D006FD716 /* boss_1.png */; };
		A91609B51AA5EA8D006FD716 /* boss_2.png in Resources */ = {isa = PBXBuildFile; fileRef = A91609B31AA5EA8D006FD716 /* boss_2.png */; };
		A91609B71AA5ECDF006FD716 /* boss_hit.png in Resources */ = {isa = PBXBuildFile; fileRef = A91609B61AA5ECDF006FD716 /* boss_hit.png */; };
		A91609B91AA5ED13006FD716 /* HaeKing.swift in Sources */ = {isa = PBXBuildFile; fileRef = A91609B81AA5ED13006FD716 /* HaeKing.swift */; };
		A91609BB1AA5FF9E006FD716 /* AppConfig.swift in Sources */ = {isa = PBXBuildFile; fileRef = A91609BA1AA5FF9E006FD716 /* AppConfig.swift */; };
		A91609C91AA61E9F006FD716 /* room.png in Resources */ = {isa = PBXBuildFile; fileRef = A91609C81AA61E9F006FD716 /* room.png */; };
		A93A9EDB1A61588F0074EC00 /* Hae.swift in Sources */ = {isa = PBXBuildFile; fileRef = A93A9EDA1A61588F0074EC00 /* Hae.swift */; };
		A95EBFD21A94F23300C31619 /* MainScene.swift in Sources */ = {isa = PBXBuildFile; fileRef = A95EBFD11A94F23300C31619 /* MainScene.swift */; };
		A95EBFD41A9B919A00C31619 /* HaeBaby.swift in Sources */ = {isa = PBXBuildFile; fileRef = A95EBFD31A9B919A00C31619 /* HaeBaby.swift */; };
		A965903E1A87664400F49D2F /* ResultModal.swift in Sources */ = {isa = PBXBuildFile; fileRef = A965903D1A87664400F49D2F /* ResultModal.swift */; };
		A96590421A88F0FC00F49D2F /* result_content.png in Resources */ = {isa = PBXBuildFile; fileRef = A965903F1A88F0FC00F49D2F /* result_content.png */; };
		A96590461A88F24300F49D2F /* result_foot.png in Resources */ = {isa = PBXBuildFile; fileRef = A96590451A88F24300F49D2F /* result_foot.png */; };
		A96590481A8A6EA700F49D2F /* fly.mp3 in Resources */ = {isa = PBXBuildFile; fileRef = A96590471A8A6EA700F49D2F /* fly.mp3 */; };
		A96590521A94F1E400F49D2F /* MainScene.sks in Resources */ = {isa = PBXBuildFile; fileRef = A96590511A94F1E400F49D2F /* MainScene.sks */; };
		A9686D2B2080426C00AAB4BD /* GoogleService-Info.plist in Resources */ = {isa = PBXBuildFile; fileRef = A9686D2A2080416900AAB4BD /* GoogleService-Info.plist */; };
		A973B03C1AAF2E6D000E094E /* ImageIO.framework in Frameworks */ = {isa = PBXBuildFile; fileRef = A973B03B1AAF2E6D000E094E /* ImageIO.framework */; };
		A973B03E1AAF2E8C000E094E /* Security.framework in Frameworks */ = {isa = PBXBuildFile; fileRef = A973B03D1AAF2E8C000E094E /* Security.framework */; };
		A973B04E1AAF33B4000E094E /* libAdapterNend.a in Frameworks */ = {isa = PBXBuildFile; fileRef = A973B0411AAF33B4000E094E /* libAdapterNend.a */; };
		A973B04F1AAF33B4000E094E /* libAdapterNend_readme.txt in Resources */ = {isa = PBXBuildFile; fileRef = A973B0421AAF33B4000E094E /* libAdapterNend_readme.txt */; };
		A973B0501AAF33B4000E094E /* libNendAd.a in Frameworks */ = {isa = PBXBuildFile; fileRef = A973B0451AAF33B4000E094E /* libNendAd.a */; };
		A973B0511AAF33B4000E094E /* NADView_readme.txt in Resources */ = {isa = PBXBuildFile; fileRef = A973B04B1AAF33B4000E094E /* NADView_readme.txt */; };
		A973B0521AAF33B4000E094E /* nendSDKiOS2.5.7_manual.pdf in Resources */ = {isa = PBXBuildFile; fileRef = A973B04D1AAF33B4000E094E /* nendSDKiOS2.5.7_manual.pdf */; };
		A9939D871AA1DEDD008A9239 /* GameKit.framework in Frameworks */ = {isa = PBXBuildFile; fileRef = A9939D861AA1DEDD008A9239 /* GameKit.framework */; settings = {ATTRIBUTES = (Required, ); }; };
		A9939D8A1AA4974F008A9239 /* main.png in Resources */ = {isa = PBXBuildFile; fileRef = A9939D881AA4974F008A9239 /* main.png */; };
		A9939D8D1AA4AB8C008A9239 /* btn.mp3 in Resources */ = {isa = PBXBuildFile; fileRef = A9939D8C1AA4AB8C008A9239 /* btn.mp3 */; };
		A9939D8F1AA4AE2D008A9239 /* pt.mp3 in Resources */ = {isa = PBXBuildFile; fileRef = A9939D8E1AA4AE2D008A9239 /* pt.mp3 */; };
		A9939D911AA4AEF0008A9239 /* sum.mp3 in Resources */ = {isa = PBXBuildFile; fileRef = A9939D901AA4AEF0008A9239 /* sum.mp3 */; };
		A997B20C1A5AD8FC00E0319A /* AppDelegate.swift in Sources */ = {isa = PBXBuildFile; fileRef = A997B20B1A5AD8FC00E0319A /* AppDelegate.swift */; };
		A997B20E1A5AD8FC00E0319A /* GameScene.sks in Resources */ = {isa = PBXBuildFile; fileRef = A997B20D1A5AD8FC00E0319A /* GameScene.sks */; };
		A997B2121A5AD8FC00E0319A /* GameViewController.swift in Sources */ = {isa = PBXBuildFile; fileRef = A997B2111A5AD8FC00E0319A /* GameViewController.swift */; };
		A997B2151A5AD8FC00E0319A /* Main.storyboard in Resources */ = {isa = PBXBuildFile; fileRef = A997B2131A5AD8FC00E0319A /* Main.storyboard */; };
		A997B2171A5AD8FC00E0319A /* Images.xcassets in Resources */ = {isa = PBXBuildFile; fileRef = A997B2161A5AD8FC00E0319A /* Images.xcassets */; };
		A997B21A1A5AD8FC00E0319A /* LaunchScreen.xib in Resources */ = {isa = PBXBuildFile; fileRef = A997B2181A5AD8FC00E0319A /* LaunchScreen.xib */; };
		A9A0C21C1A72C99A00583FC5 /* hae.atlas in Resources */ = {isa = PBXBuildFile; fileRef = A9A0C21B1A72C99A00583FC5 /* hae.atlas */; };
		A9A0C22B1A73B93500583FC5 /* libGoogleAdMobAds.a in Frameworks */ = {isa = PBXBuildFile; fileRef = A9A0C2291A73B93500583FC5 /* libGoogleAdMobAds.a */; };
		A9A0C22C1A73B93500583FC5 /* README.txt in Resources */ = {isa = PBXBuildFile; fileRef = A9A0C22A1A73B93500583FC5 /* README.txt */; };
		A9A0C22E1A73BA1000583FC5 /* AdSupport.framework in Frameworks */ = {isa = PBXBuildFile; fileRef = A9A0C22D1A73BA1000583FC5 /* AdSupport.framework */; };
		A9A0C2301A77E90400583FC5 /* AudioToolbox.framework in Frameworks */ = {isa = PBXBuildFile; fileRef = A9A0C22F1A77E90400583FC5 /* AudioToolbox.framework */; };
		A9A0C2321A77E91D00583FC5 /* AVFoundation.framework in Frameworks */ = {isa = PBXBuildFile; fileRef = A9A0C2311A77E91D00583FC5 /* AVFoundation.framework */; };
		A9A0C2341A77E94E00583FC5 /* CoreGraphics.framework in Frameworks */ = {isa = PBXBuildFile; fileRef = A9A0C2331A77E94E00583FC5 /* CoreGraphics.framework */; };
		A9A0C2361A77E95B00583FC5 /* CoreTelephony.framework in Frameworks */ = {isa = PBXBuildFile; fileRef = A9A0C2351A77E95B00583FC5 /* CoreTelephony.framework */; };
		A9A0C2381A77E96600583FC5 /* EventKit.framework in Frameworks */ = {isa = PBXBuildFile; fileRef = A9A0C2371A77E96600583FC5 /* EventKit.framework */; };
		A9A0C23A1A77E97000583FC5 /* EventKitUI.framework in Frameworks */ = {isa = PBXBuildFile; fileRef = A9A0C2391A77E97000583FC5 /* EventKitUI.framework */; };
		A9A0C23C1A77E97A00583FC5 /* MessageUI.framework in Frameworks */ = {isa = PBXBuildFile; fileRef = A9A0C23B1A77E97A00583FC5 /* MessageUI.framework */; };
		A9A0C2401A77E98C00583FC5 /* SystemConfiguration.framework in Frameworks */ = {isa = PBXBuildFile; fileRef = A9A0C23F1A77E98C00583FC5 /* SystemConfiguration.framework */; };
		A9A0C2431A7CBD1900583FC5 /* hit.mp3 in Resources */ = {isa = PBXBuildFile; fileRef = A9A0C2421A7CBD1900583FC5 /* hit.mp3 */; };
		A9A0C24E1A7FB1D300583FC5 /* pt_bg.png in Resources */ = {isa = PBXBuildFile; fileRef = A9A0C24D1A7FB1D300583FC5 /* pt_bg.png */; };
		A9A4FC101AADE1B500C963E1 /* InfoPlist.strings in Resources */ = {isa = PBXBuildFile; fileRef = A9A4FC121AADE1B500C963E1 /* InfoPlist.strings */; };
		A9A7DEB31A6197FC0086A830 /* coin.mp3 in Resources */ = {isa = PBXBuildFile; fileRef = A9A7DEB21A6197FC0086A830 /* coin.mp3 */; };
		A9E375EF1A6241BB00274A8F /* GameScene.swift in Sources */ = {isa = PBXBuildFile; fileRef = A997B20F1A5AD8FC00E0319A /* GameScene.swift */; };
		D633F62BCA50D337EDE8404A /* Pods_cat.framework in Frameworks */ = {isa = PBXBuildFile; fileRef = 1F9F8B84E2A5A2620FB3ADD0 /* Pods_cat.framework */; };
/* End PBXBuildFile section */

/* Begin PBXFileReference section */
		1F9F8B84E2A5A2620FB3ADD0 /* Pods_cat.framework */ = {isa = PBXFileReference; explicitFileType = wrapper.framework; includeInIndex = 0; path = Pods_cat.framework; sourceTree = BUILT_PRODUCTS_DIR; };
		641D6D990A40122CE4121985 /* Pods_catTests.framework */ = {isa = PBXFileReference; explicitFileType = wrapper.framework; includeInIndex = 0; path = Pods_catTests.framework; sourceTree = BUILT_PRODUCTS_DIR; };
		6F80F50BEB3FFDFD55C3DF93 /* Pods-cat.debug.xcconfig */ = {isa = PBXFileReference; includeInIndex = 1; lastKnownFileType = text.xcconfig; name = "Pods-cat.debug.xcconfig"; path = "Pods/Target Support Files/Pods-cat/Pods-cat.debug.xcconfig"; sourceTree = "<group>"; };
		7D61F3125FABA693C93DD4F5 /* Pods-catTests.release.xcconfig */ = {isa = PBXFileReference; includeInIndex = 1; lastKnownFileType = text.xcconfig; name = "Pods-catTests.release.xcconfig"; path = "Pods/Target Support Files/Pods-catTests/Pods-catTests.release.xcconfig"; sourceTree = "<group>"; };
		A90CE5771AA88EF900F3A565 /* UserDataUtil.swift */ = {isa = PBXFileReference; fileEncoding = 4; lastKnownFileType = sourcecode.swift; path = UserDataUtil.swift; sourceTree = "<group>"; };
		A90CE5791AA89CFD00F3A565 /* best.png */ = {isa = PBXFileReference; lastKnownFileType = image.png; path = best.png; sourceTree = "<group>"; };
		A90CE57B1AA8B0F200F3A565 /* Social.framework */ = {isa = PBXFileReference; lastKnownFileType = wrapper.framework; name = Social.framework; path = System/Library/Frameworks/Social.framework; sourceTree = SDKROOT; };
		A90CE5811AA8C3FA00F3A565 /* tweet_btn.png */ = {isa = PBXFileReference; lastKnownFileType = image.png; path = tweet_btn.png; sourceTree = "<group>"; };
		A90CE5821AA8C3FA00F3A565 /* fb_btn.png */ = {isa = PBXFileReference; lastKnownFileType = image.png; path = fb_btn.png; sourceTree = "<group>"; };
		A90CE58A1AAB0BEF00F3A565 /* HowtoScene.sks */ = {isa = PBXFileReference; lastKnownFileType = file.sks; path = HowtoScene.sks; sourceTree = "<group>"; };
		A90CE58C1AAB0C3900F3A565 /* HowtoScene.swift */ = {isa = PBXFileReference; fileEncoding = 4; lastKnownFileType = sourcecode.swift; path = HowtoScene.swift; sourceTree = "<group>"; };
		A90CE5C41AAD745900F3A565 /* ja */ = {isa = PBXFileReference; lastKnownFileType = text.plist.strings; name = ja; path = ja.lproj/Main.strings; sourceTree = "<group>"; };
		A90CE5C51AAD745900F3A565 /* ja */ = {isa = PBXFileReference; lastKnownFileType = text.plist.strings; name = ja; path = ja.lproj/LaunchScreen.strings; sourceTree = "<group>"; };
		A90CE5CC1AAD746D00F3A565 /* ja */ = {isa = PBXFileReference; lastKnownFileType = text.plist.xml; name = ja; path = ja.lproj/Info.plist; sourceTree = "<group>"; };
		A90CE5CF1AAD751A00F3A565 /* Base */ = {isa = PBXFileReference; lastKnownFileType = image.png; name = Base; path = Base.lproj/title.png; sourceTree = "<group>"; };
		A90CE5D41AAD75B900F3A565 /* Base */ = {isa = PBXFileReference; lastKnownFileType = image.png; name = Base; path = Base.lproj/howto_btn.png; sourceTree = "<group>"; };
		A90CE5D81AAD779400F3A565 /* ja */ = {isa = PBXFileReference; lastKnownFileType = image.png; name = ja; path = ja.lproj/title.png; sourceTree = "<group>"; };
		A90CE5D91AAD77A100F3A565 /* ja */ = {isa = PBXFileReference; lastKnownFileType = image.png; name = ja; path = ja.lproj/howto_btn.png; sourceTree = "<group>"; };
		A90CE5DB1AAD788A00F3A565 /* Base */ = {isa = PBXFileReference; lastKnownFileType = image.png; name = Base; path = Base.lproj/ranking_btn.png; sourceTree = "<group>"; };
		A90CE5DE1AAD788C00F3A565 /* ja */ = {isa = PBXFileReference; lastKnownFileType = image.png; name = ja; path = ja.lproj/ranking_btn.png; sourceTree = "<group>"; };
		A90CE5E01AAD795900F3A565 /* Base */ = {isa = PBXFileReference; lastKnownFileType = image.png; name = Base; path = Base.lproj/start_btn.png; sourceTree = "<group>"; };
		A90CE5E31AAD795B00F3A565 /* ja */ = {isa = PBXFileReference; lastKnownFileType = image.png; name = ja; path = ja.lproj/start_btn.png; sourceTree = "<group>"; };
		A90CE5E51AAD7A3E00F3A565 /* Base */ = {isa = PBXFileReference; lastKnownFileType = image.png; name = Base; path = Base.lproj/sum.png; sourceTree = "<group>"; };
		A90CE5E71AAD7A3F00F3A565 /* ja */ = {isa = PBXFileReference; lastKnownFileType = image.png; name = ja; path = ja.lproj/sum.png; sourceTree = "<group>"; };
		A90CE5E91AAD7A4D00F3A565 /* Base */ = {isa = PBXFileReference; lastKnownFileType = image.png; name = Base; path = Base.lproj/remain.png; sourceTree = "<group>"; };
		A90CE5EB1AAD7A4E00F3A565 /* ja */ = {isa = PBXFileReference; lastKnownFileType = image.png; name = ja; path = ja.lproj/remain.png; sourceTree = "<group>"; };
		A90CE5ED1AAD7C2800F3A565 /* Base */ = {isa = PBXFileReference; lastKnownFileType = image.png; name = Base; path = Base.lproj/retry_btn.png; sourceTree = "<group>"; };
		A90CE5EF1AAD7C2900F3A565 /* ja */ = {isa = PBXFileReference; lastKnownFileType = image.png; name = ja; path = ja.lproj/retry_btn.png; sourceTree = "<group>"; };
		A90CE5F11AAD7C3500F3A565 /* Base */ = {isa = PBXFileReference; lastKnownFileType = image.png; name = Base; path = Base.lproj/back_btn.png; sourceTree = "<group>"; };
		A90CE5F31AAD7C3600F3A565 /* ja */ = {isa = PBXFileReference; lastKnownFileType = image.png; name = ja; path = ja.lproj/back_btn.png; sourceTree = "<group>"; };
		A90CE5F51AAD7C3F00F3A565 /* Base */ = {isa = PBXFileReference; lastKnownFileType = image.png; name = Base; path = Base.lproj/result_head.png; sourceTree = "<group>"; };
		A90CE5F71AAD7C4100F3A565 /* ja */ = {isa = PBXFileReference; lastKnownFileType = image.png; name = ja; path = ja.lproj/result_head.png; sourceTree = "<group>"; };
		A90CE5F91AAD7C4E00F3A565 /* Base */ = {isa = PBXFileReference; lastKnownFileType = image.png; name = Base; path = Base.lproj/title_main.png; sourceTree = "<group>"; };
		A90CE5FB1AAD7C4F00F3A565 /* ja */ = {isa = PBXFileReference; lastKnownFileType = image.png; name = ja; path = ja.lproj/title_main.png; sourceTree = "<group>"; };
		A90CE5FD1AAD7D4B00F3A565 /* Base */ = {isa = PBXFileReference; lastKnownFileType = image.png; name = Base; path = Base.lproj/stop_btn.png; sourceTree = "<group>"; };
		A90CE5FF1AAD7D4C00F3A565 /* ja */ = {isa = PBXFileReference; lastKnownFileType = image.png; name = ja; path = ja.lproj/stop_btn.png; sourceTree = "<group>"; };
		A90CE6031AAD86A400F3A565 /* Base */ = {isa = PBXFileReference; lastKnownFileType = text.plist.strings; name = Base; path = Base.lproj/Localizable.strings; sourceTree = "<group>"; };
		A90CE6051AAD86A500F3A565 /* ja */ = {isa = PBXFileReference; lastKnownFileType = text.plist.strings; name = ja; path = ja.lproj/Localizable.strings; sourceTree = "<group>"; };
		A90CE6071AAD8A1800F3A565 /* Base */ = {isa = PBXFileReference; lastKnownFileType = image.png; name = Base; path = Base.lproj/howtoview.png; sourceTree = "<group>"; };
		A90CE6091AAD8A1900F3A565 /* ja */ = {isa = PBXFileReference; lastKnownFileType = image.png; name = ja; path = ja.lproj/howtoview.png; sourceTree = "<group>"; };
		A90CE60B1AADD79700F3A565 /* Base */ = {isa = PBXFileReference; lastKnownFileType = text.plist.xml; name = Base; path = Base.lproj/Info.plist; sourceTree = "<group>"; };
		A91609B21AA5EA8D006FD716 /* boss_1.png */ = {isa = PBXFileReference; lastKnownFileType = image.png; name = boss_1.png; path = hae.atlas/boss_1.png; sourceTree = "<group>"; };
		A91609B31AA5EA8D006FD716 /* boss_2.png */ = {isa = PBXFileReference; lastKnownFileType = image.png; name = boss_2.png; path = hae.atlas/boss_2.png; sourceTree = "<group>"; };
		A91609B61AA5ECDF006FD716 /* boss_hit.png */ = {isa = PBXFileReference; lastKnownFileType = image.png; name = boss_hit.png; path = hae.atlas/boss_hit.png; sourceTree = "<group>"; };
		A91609B81AA5ED13006FD716 /* HaeKing.swift */ = {isa = PBXFileReference; fileEncoding = 4; lastKnownFileType = sourcecode.swift; path = HaeKing.swift; sourceTree = "<group>"; };
		A91609BA1AA5FF9E006FD716 /* AppConfig.swift */ = {isa = PBXFileReference; fileEncoding = 4; lastKnownFileType = sourcecode.swift; path = AppConfig.swift; sourceTree = "<group>"; };
		A91609C81AA61E9F006FD716 /* room.png */ = {isa = PBXFileReference; lastKnownFileType = image.png; path = room.png; sourceTree = "<group>"; };
		A93A9EDA1A61588F0074EC00 /* Hae.swift */ = {isa = PBXFileReference; fileEncoding = 4; lastKnownFileType = sourcecode.swift; path = Hae.swift; sourceTree = "<group>"; };
		A95EBFD11A94F23300C31619 /* MainScene.swift */ = {isa = PBXFileReference; fileEncoding = 4; lastKnownFileType = sourcecode.swift; path = MainScene.swift; sourceTree = "<group>"; };
		A95EBFD31A9B919A00C31619 /* HaeBaby.swift */ = {isa = PBXFileReference; fileEncoding = 4; lastKnownFileType = sourcecode.swift; path = HaeBaby.swift; sourceTree = "<group>"; };
		A965903D1A87664400F49D2F /* ResultModal.swift */ = {isa = PBXFileReference; fileEncoding = 4; lastKnownFileType = sourcecode.swift; path = ResultModal.swift; sourceTree = "<group>"; };
		A965903F1A88F0FC00F49D2F /* result_content.png */ = {isa = PBXFileReference; lastKnownFileType = image.png; path = result_content.png; sourceTree = "<group>"; };
		A96590451A88F24300F49D2F /* result_foot.png */ = {isa = PBXFileReference; lastKnownFileType = image.png; path = result_foot.png; sourceTree = "<group>"; };
		A96590471A8A6EA700F49D2F /* fly.mp3 */ = {isa = PBXFileReference; lastKnownFileType = audio.mp3; path = fly.mp3; sourceTree = "<group>"; };
		A96590511A94F1E400F49D2F /* MainScene.sks */ = {isa = PBXFileReference; lastKnownFileType = file.sks; path = MainScene.sks; sourceTree = "<group>"; };
		A9686D2A2080416900AAB4BD /* GoogleService-Info.plist */ = {isa = PBXFileReference; lastKnownFileType = text.plist.xml; path = "GoogleService-Info.plist"; sourceTree = "<group>"; };
		A973B03B1AAF2E6D000E094E /* ImageIO.framework */ = {isa = PBXFileReference; lastKnownFileType = wrapper.framework; name = ImageIO.framework; path = System/Library/Frameworks/ImageIO.framework; sourceTree = SDKROOT; };
		A973B03D1AAF2E8C000E094E /* Security.framework */ = {isa = PBXFileReference; lastKnownFileType = wrapper.framework; name = Security.framework; path = System/Library/Frameworks/Security.framework; sourceTree = SDKROOT; };
		A973B0411AAF33B4000E094E /* libAdapterNend.a */ = {isa = PBXFileReference; lastKnownFileType = archive.ar; path = libAdapterNend.a; sourceTree = "<group>"; };
		A973B0421AAF33B4000E094E /* libAdapterNend_readme.txt */ = {isa = PBXFileReference; fileEncoding = 4; lastKnownFileType = text; path = libAdapterNend_readme.txt; sourceTree = "<group>"; };
		A973B0451AAF33B4000E094E /* libNendAd.a */ = {isa = PBXFileReference; lastKnownFileType = archive.ar; path = libNendAd.a; sourceTree = "<group>"; };
		A973B0461AAF33B4000E094E /* NADIconArrayView.h */ = {isa = PBXFileReference; fileEncoding = 4; lastKnownFileType = sourcecode.c.h; path = NADIconArrayView.h; sourceTree = "<group>"; };
		A973B0471AAF33B4000E094E /* NADIconLoader.h */ = {isa = PBXFileReference; fileEncoding = 4; lastKnownFileType = sourcecode.c.h; path = NADIconLoader.h; sourceTree = "<group>"; };
		A973B0481AAF33B4000E094E /* NADIconView.h */ = {isa = PBXFileReference; fileEncoding = 4; lastKnownFileType = sourcecode.c.h; path = NADIconView.h; sourceTree = "<group>"; };
		A973B0491AAF33B4000E094E /* NADInterstitial.h */ = {isa = PBXFileReference; fileEncoding = 4; lastKnownFileType = sourcecode.c.h; path = NADInterstitial.h; sourceTree = "<group>"; };
		A973B04A1AAF33B4000E094E /* NADView.h */ = {isa = PBXFileReference; fileEncoding = 4; lastKnownFileType = sourcecode.c.h; path = NADView.h; sourceTree = "<group>"; };
		A973B04B1AAF33B4000E094E /* NADView_readme.txt */ = {isa = PBXFileReference; fileEncoding = 4; lastKnownFileType = text; path = NADView_readme.txt; sourceTree = "<group>"; };
		A973B04C1AAF33B4000E094E /* NendAd-Bridging-Header.h */ = {isa = PBXFileReference; fileEncoding = 4; lastKnownFileType = sourcecode.c.h; path = "NendAd-Bridging-Header.h"; sourceTree = "<group>"; };
		A973B04D1AAF33B4000E094E /* nendSDKiOS2.5.7_manual.pdf */ = {isa = PBXFileReference; lastKnownFileType = image.pdf; path = nendSDKiOS2.5.7_manual.pdf; sourceTree = "<group>"; };
		A9939D861AA1DEDD008A9239 /* GameKit.framework */ = {isa = PBXFileReference; lastKnownFileType = wrapper.framework; name = GameKit.framework; path = System/Library/Frameworks/GameKit.framework; sourceTree = SDKROOT; };
		A9939D881AA4974F008A9239 /* main.png */ = {isa = PBXFileReference; lastKnownFileType = image.png; path = main.png; sourceTree = "<group>"; };
		A9939D8C1AA4AB8C008A9239 /* btn.mp3 */ = {isa = PBXFileReference; lastKnownFileType = audio.mp3; path = btn.mp3; sourceTree = "<group>"; };
		A9939D8E1AA4AE2D008A9239 /* pt.mp3 */ = {isa = PBXFileReference; lastKnownFileType = audio.mp3; path = pt.mp3; sourceTree = "<group>"; };
		A9939D901AA4AEF0008A9239 /* sum.mp3 */ = {isa = PBXFileReference; lastKnownFileType = audio.mp3; path = sum.mp3; sourceTree = "<group>"; };
		A997B2061A5AD8FC00E0319A /* cat.app */ = {isa = PBXFileReference; explicitFileType = wrapper.application; includeInIndex = 0; path = cat.app; sourceTree = BUILT_PRODUCTS_DIR; };
		A997B20B1A5AD8FC00E0319A /* AppDelegate.swift */ = {isa = PBXFileReference; lastKnownFileType = sourcecode.swift; path = AppDelegate.swift; sourceTree = "<group>"; };
		A997B20D1A5AD8FC00E0319A /* GameScene.sks */ = {isa = PBXFileReference; lastKnownFileType = file.sks; path = GameScene.sks; sourceTree = "<group>"; };
		A997B20F1A5AD8FC00E0319A /* GameScene.swift */ = {isa = PBXFileReference; lastKnownFileType = sourcecode.swift; path = GameScene.swift; sourceTree = "<group>"; };
		A997B2111A5AD8FC00E0319A /* GameViewController.swift */ = {isa = PBXFileReference; lastKnownFileType = sourcecode.swift; path = GameViewController.swift; sourceTree = "<group>"; };
		A997B2141A5AD8FC00E0319A /* Base */ = {isa = PBXFileReference; lastKnownFileType = file.storyboard; name = Base; path = Base.lproj/Main.storyboard; sourceTree = "<group>"; };
		A997B2161A5AD8FC00E0319A /* Images.xcassets */ = {isa = PBXFileReference; lastKnownFileType = folder.assetcatalog; path = Images.xcassets; sourceTree = "<group>"; };
		A997B2191A5AD8FC00E0319A /* Base */ = {isa = PBXFileReference; lastKnownFileType = file.xib; name = Base; path = Base.lproj/LaunchScreen.xib; sourceTree = "<group>"; };
		A997B2241A5AD8FC00E0319A /* Info.plist */ = {isa = PBXFileReference; lastKnownFileType = text.plist.xml; path = Info.plist; sourceTree = "<group>"; };
		A997B2251A5AD8FC00E0319A /* catTests.swift */ = {isa = PBXFileReference; lastKnownFileType = sourcecode.swift; path = catTests.swift; sourceTree = "<group>"; };
		A9A0C21B1A72C99A00583FC5 /* hae.atlas */ = {isa = PBXFileReference; lastKnownFileType = folder.skatlas; path = hae.atlas; sourceTree = "<group>"; };
		A9A0C21D1A73B93500583FC5 /* GADAdMobExtras.h */ = {isa = PBXFileReference; fileEncoding = 4; lastKnownFileType = sourcecode.c.h; path = GADAdMobExtras.h; sourceTree = "<group>"; };
		A9A0C21E1A73B93500583FC5 /* GADAdNetworkExtras.h */ = {isa = PBXFileReference; fileEncoding = 4; lastKnownFileType = sourcecode.c.h; path = GADAdNetworkExtras.h; sourceTree = "<group>"; };
		A9A0C21F1A73B93500583FC5 /* GADAdSize.h */ = {isa = PBXFileReference; fileEncoding = 4; lastKnownFileType = sourcecode.c.h; path = GADAdSize.h; sourceTree = "<group>"; };
		A9A0C2201A73B93500583FC5 /* GADBannerView.h */ = {isa = PBXFileReference; fileEncoding = 4; lastKnownFileType = sourcecode.c.h; path = GADBannerView.h; sourceTree = "<group>"; };
		A9A0C2211A73B93500583FC5 /* GADBannerViewDelegate.h */ = {isa = PBXFileReference; fileEncoding = 4; lastKnownFileType = sourcecode.c.h; path = GADBannerViewDelegate.h; sourceTree = "<group>"; };
		A9A0C2221A73B93500583FC5 /* GADInAppPurchase.h */ = {isa = PBXFileReference; fileEncoding = 4; lastKnownFileType = sourcecode.c.h; path = GADInAppPurchase.h; sourceTree = "<group>"; };
		A9A0C2231A73B93500583FC5 /* GADInAppPurchaseDelegate.h */ = {isa = PBXFileReference; fileEncoding = 4; lastKnownFileType = sourcecode.c.h; path = GADInAppPurchaseDelegate.h; sourceTree = "<group>"; };
		A9A0C2241A73B93500583FC5 /* GADInterstitial.h */ = {isa = PBXFileReference; fileEncoding = 4; lastKnownFileType = sourcecode.c.h; path = GADInterstitial.h; sourceTree = "<group>"; };
		A9A0C2251A73B93500583FC5 /* GADInterstitialDelegate.h */ = {isa = PBXFileReference; fileEncoding = 4; lastKnownFileType = sourcecode.c.h; path = GADInterstitialDelegate.h; sourceTree = "<group>"; };
		A9A0C2261A73B93500583FC5 /* GADModules.h */ = {isa = PBXFileReference; fileEncoding = 4; lastKnownFileType = sourcecode.c.h; path = GADModules.h; sourceTree = "<group>"; };
		A9A0C2271A73B93500583FC5 /* GADRequest.h */ = {isa = PBXFileReference; fileEncoding = 4; lastKnownFileType = sourcecode.c.h; path = GADRequest.h; sourceTree = "<group>"; };
		A9A0C2281A73B93500583FC5 /* GADRequestError.h */ = {isa = PBXFileReference; fileEncoding = 4; lastKnownFileType = sourcecode.c.h; path = GADRequestError.h; sourceTree = "<group>"; };
		A9A0C2291A73B93500583FC5 /* libGoogleAdMobAds.a */ = {isa = PBXFileReference; lastKnownFileType = archive.ar; path = libGoogleAdMobAds.a; sourceTree = "<group>"; };
		A9A0C22A1A73B93500583FC5 /* README.txt */ = {isa = PBXFileReference; fileEncoding = 4; lastKnownFileType = text; path = README.txt; sourceTree = "<group>"; };
		A9A0C22D1A73BA1000583FC5 /* AdSupport.framework */ = {isa = PBXFileReference; lastKnownFileType = wrapper.framework; name = AdSupport.framework; path = System/Library/Frameworks/AdSupport.framework; sourceTree = SDKROOT; };
		A9A0C22F1A77E90400583FC5 /* AudioToolbox.framework */ = {isa = PBXFileReference; lastKnownFileType = wrapper.framework; name = AudioToolbox.framework; path = System/Library/Frameworks/AudioToolbox.framework; sourceTree = SDKROOT; };
		A9A0C2311A77E91D00583FC5 /* AVFoundation.framework */ = {isa = PBXFileReference; lastKnownFileType = wrapper.framework; name = AVFoundation.framework; path = System/Library/Frameworks/AVFoundation.framework; sourceTree = SDKROOT; };
		A9A0C2331A77E94E00583FC5 /* CoreGraphics.framework */ = {isa = PBXFileReference; lastKnownFileType = wrapper.framework; name = CoreGraphics.framework; path = System/Library/Frameworks/CoreGraphics.framework; sourceTree = SDKROOT; };
		A9A0C2351A77E95B00583FC5 /* CoreTelephony.framework */ = {isa = PBXFileReference; lastKnownFileType = wrapper.framework; name = CoreTelephony.framework; path = System/Library/Frameworks/CoreTelephony.framework; sourceTree = SDKROOT; };
		A9A0C2371A77E96600583FC5 /* EventKit.framework */ = {isa = PBXFileReference; lastKnownFileType = wrapper.framework; name = EventKit.framework; path = System/Library/Frameworks/EventKit.framework; sourceTree = SDKROOT; };
		A9A0C2391A77E97000583FC5 /* EventKitUI.framework */ = {isa = PBXFileReference; lastKnownFileType = wrapper.framework; name = EventKitUI.framework; path = System/Library/Frameworks/EventKitUI.framework; sourceTree = SDKROOT; };
		A9A0C23B1A77E97A00583FC5 /* MessageUI.framework */ = {isa = PBXFileReference; lastKnownFileType = wrapper.framework; name = MessageUI.framework; path = System/Library/Frameworks/MessageUI.framework; sourceTree = SDKROOT; };
		A9A0C23F1A77E98C00583FC5 /* SystemConfiguration.framework */ = {isa = PBXFileReference; lastKnownFileType = wrapper.framework; name = SystemConfiguration.framework; path = System/Library/Frameworks/SystemConfiguration.framework; sourceTree = SDKROOT; };
		A9A0C2411A77EB1200583FC5 /* cat-Bridging-Header.h */ = {isa = PBXFileReference; lastKnownFileType = sourcecode.c.h; path = "cat-Bridging-Header.h"; sourceTree = "<group>"; };
		A9A0C2421A7CBD1900583FC5 /* hit.mp3 */ = {isa = PBXFileReference; lastKnownFileType = audio.mp3; path = hit.mp3; sourceTree = "<group>"; };
		A9A0C24D1A7FB1D300583FC5 /* pt_bg.png */ = {isa = PBXFileReference; lastKnownFileType = image.png; path = pt_bg.png; sourceTree = "<group>"; };
		A9A4FC111AADE1B500C963E1 /* Base */ = {isa = PBXFileReference; lastKnownFileType = text.plist.strings; name = Base; path = Base.lproj/InfoPlist.strings; sourceTree = "<group>"; };
		A9A4FC131AADE1B700C963E1 /* ja */ = {isa = PBXFileReference; lastKnownFileType = text.plist.strings; name = ja; path = ja.lproj/InfoPlist.strings; sourceTree = "<group>"; };
		A9A7DEB21A6197FC0086A830 /* coin.mp3 */ = {isa = PBXFileReference; lastKnownFileType = audio.mp3; path = coin.mp3; sourceTree = "<group>"; };
		A9E17C1E2080E4D60017F20F /* cat.entitlements */ = {isa = PBXFileReference; lastKnownFileType = text.plist.entitlements; path = cat.entitlements; sourceTree = "<group>"; };
		D2772CC5F9E9B6BD40806966 /* Pods-cat.release.xcconfig */ = {isa = PBXFileReference; includeInIndex = 1; lastKnownFileType = text.xcconfig; name = "Pods-cat.release.xcconfig"; path = "Pods/Target Support Files/Pods-cat/Pods-cat.release.xcconfig"; sourceTree = "<group>"; };
		DA5AB822A1DB347DF6311B59 /* Pods-catTests.debug.xcconfig */ = {isa = PBXFileReference; includeInIndex = 1; lastKnownFileType = text.xcconfig; name = "Pods-catTests.debug.xcconfig"; path = "Pods/Target Support Files/Pods-catTests/Pods-catTests.debug.xcconfig"; sourceTree = "<group>"; };
/* End PBXFileReference section */

/* Begin PBXFrameworksBuildPhase section */
		A997B2031A5AD8FC00E0319A /* Frameworks */ = {
			isa = PBXFrameworksBuildPhase;
			buildActionMask = 2147483647;
			files = (
				A973B03E1AAF2E8C000E094E /* Security.framework in Frameworks */,
				A973B03C1AAF2E6D000E094E /* ImageIO.framework in Frameworks */,
				A90CE57C1AA8B0F200F3A565 /* Social.framework in Frameworks */,
				A9939D871AA1DEDD008A9239 /* GameKit.framework in Frameworks */,
				A9A0C2401A77E98C00583FC5 /* SystemConfiguration.framework in Frameworks */,
				A9A0C23C1A77E97A00583FC5 /* MessageUI.framework in Frameworks */,
				A9A0C23A1A77E97000583FC5 /* EventKitUI.framework in Frameworks */,
				A9A0C2381A77E96600583FC5 /* EventKit.framework in Frameworks */,
				A973B0501AAF33B4000E094E /* libNendAd.a in Frameworks */,
				A9A0C2361A77E95B00583FC5 /* CoreTelephony.framework in Frameworks */,
				A9A0C2341A77E94E00583FC5 /* CoreGraphics.framework in Frameworks */,
				A9A0C2321A77E91D00583FC5 /* AVFoundation.framework in Frameworks */,
				A973B04E1AAF33B4000E094E /* libAdapterNend.a in Frameworks */,
				A9A0C2301A77E90400583FC5 /* AudioToolbox.framework in Frameworks */,
				A9A0C22E1A73BA1000583FC5 /* AdSupport.framework in Frameworks */,
				A9A0C22B1A73B93500583FC5 /* libGoogleAdMobAds.a in Frameworks */,
				D633F62BCA50D337EDE8404A /* Pods_cat.framework in Frameworks */,
			);
			runOnlyForDeploymentPostprocessing = 0;
		};
/* End PBXFrameworksBuildPhase section */

/* Begin PBXGroup section */
		6CDE41C900578747F2400EE6 /* Frameworks */ = {
			isa = PBXGroup;
			children = (
				1F9F8B84E2A5A2620FB3ADD0 /* Pods_cat.framework */,
				641D6D990A40122CE4121985 /* Pods_catTests.framework */,
			);
			name = Frameworks;
			sourceTree = "<group>";
		};
		9AFCE212A4F9208708591D22 /* Pods */ = {
			isa = PBXGroup;
			children = (
				6F80F50BEB3FFDFD55C3DF93 /* Pods-cat.debug.xcconfig */,
				D2772CC5F9E9B6BD40806966 /* Pods-cat.release.xcconfig */,
				DA5AB822A1DB347DF6311B59 /* Pods-catTests.debug.xcconfig */,
				7D61F3125FABA693C93DD4F5 /* Pods-catTests.release.xcconfig */,
			);
			name = Pods;
			sourceTree = "<group>";
		};
		A973B03F1AAF33B4000E094E /* NendSDK_iOS-2.5.7 */ = {
			isa = PBXGroup;
			children = (
				A973B0401AAF33B4000E094E /* AdMobMediationAdapter */,
				A973B0431AAF33B4000E094E /* Nend */,
			);
			path = "NendSDK_iOS-2.5.7";
			sourceTree = "<group>";
		};
		A973B0401AAF33B4000E094E /* AdMobMediationAdapter */ = {
			isa = PBXGroup;
			children = (
				A973B0411AAF33B4000E094E /* libAdapterNend.a */,
				A973B0421AAF33B4000E094E /* libAdapterNend_readme.txt */,
			);
			path = AdMobMediationAdapter;
			sourceTree = "<group>";
		};
		A973B0431AAF33B4000E094E /* Nend */ = {
			isa = PBXGroup;
			children = (
				A973B0441AAF33B4000E094E /* NendAd */,
				A973B04C1AAF33B4000E094E /* NendAd-Bridging-Header.h */,
				A973B04D1AAF33B4000E094E /* nendSDKiOS2.5.7_manual.pdf */,
			);
			path = Nend;
			sourceTree = "<group>";
		};
		A973B0441AAF33B4000E094E /* NendAd */ = {
			isa = PBXGroup;
			children = (
				A973B0451AAF33B4000E094E /* libNendAd.a */,
				A973B0461AAF33B4000E094E /* NADIconArrayView.h */,
				A973B0471AAF33B4000E094E /* NADIconLoader.h */,
				A973B0481AAF33B4000E094E /* NADIconView.h */,
				A973B0491AAF33B4000E094E /* NADInterstitial.h */,
				A973B04A1AAF33B4000E094E /* NADView.h */,
				A973B04B1AAF33B4000E094E /* NADView_readme.txt */,
			);
			path = NendAd;
			sourceTree = "<group>";
		};
		A9939D831AA1DE2A008A9239 /* framework */ = {
			isa = PBXGroup;
			children = (
				A973B03D1AAF2E8C000E094E /* Security.framework */,
				A973B03B1AAF2E6D000E094E /* ImageIO.framework */,
				A90CE57B1AA8B0F200F3A565 /* Social.framework */,
				A9939D861AA1DEDD008A9239 /* GameKit.framework */,
				A9A0C23F1A77E98C00583FC5 /* SystemConfiguration.framework */,
				A9A0C23B1A77E97A00583FC5 /* MessageUI.framework */,
				A9A0C2391A77E97000583FC5 /* EventKitUI.framework */,
				A9A0C2371A77E96600583FC5 /* EventKit.framework */,
				A9A0C2351A77E95B00583FC5 /* CoreTelephony.framework */,
				A9A0C2331A77E94E00583FC5 /* CoreGraphics.framework */,
				A9A0C2311A77E91D00583FC5 /* AVFoundation.framework */,
				A9A0C22F1A77E90400583FC5 /* AudioToolbox.framework */,
				A9A0C22D1A73BA1000583FC5 /* AdSupport.framework */,
				A9A0C21D1A73B93500583FC5 /* GADAdMobExtras.h */,
				A9A0C21E1A73B93500583FC5 /* GADAdNetworkExtras.h */,
				A9A0C21F1A73B93500583FC5 /* GADAdSize.h */,
				A9A0C2201A73B93500583FC5 /* GADBannerView.h */,
				A9A0C2211A73B93500583FC5 /* GADBannerViewDelegate.h */,
				A9A0C2221A73B93500583FC5 /* GADInAppPurchase.h */,
				A9A0C2231A73B93500583FC5 /* GADInAppPurchaseDelegate.h */,
				A9A0C2241A73B93500583FC5 /* GADInterstitial.h */,
				A9A0C2251A73B93500583FC5 /* GADInterstitialDelegate.h */,
				A9A0C2261A73B93500583FC5 /* GADModules.h */,
				A9A0C2271A73B93500583FC5 /* GADRequest.h */,
				A9A0C2281A73B93500583FC5 /* GADRequestError.h */,
				A9A0C2291A73B93500583FC5 /* libGoogleAdMobAds.a */,
				A9A0C22A1A73B93500583FC5 /* README.txt */,
			);
			name = framework;
			sourceTree = "<group>";
		};
		A997B1FD1A5AD8FC00E0319A = {
			isa = PBXGroup;
			children = (
				A973B03F1AAF33B4000E094E /* NendSDK_iOS-2.5.7 */,
				A9939D831AA1DE2A008A9239 /* framework */,
				A997B2081A5AD8FC00E0319A /* cat */,
				A997B2221A5AD8FC00E0319A /* catTests */,
				A997B2071A5AD8FC00E0319A /* Products */,
				9AFCE212A4F9208708591D22 /* Pods */,
				6CDE41C900578747F2400EE6 /* Frameworks */,
			);
			sourceTree = "<group>";
		};
		A997B2071A5AD8FC00E0319A /* Products */ = {
			isa = PBXGroup;
			children = (
				A997B2061A5AD8FC00E0319A /* cat.app */,
			);
			name = Products;
			sourceTree = "<group>";
		};
		A997B2081A5AD8FC00E0319A /* cat */ = {
			isa = PBXGroup;
			children = (
				A9E17C1E2080E4D60017F20F /* cat.entitlements */,
				A9686D2A2080416900AAB4BD /* GoogleService-Info.plist */,
				A9A0C2441A7E67DE00583FC5 /* images */,
				A9A0C21B1A72C99A00583FC5 /* hae.atlas */,
				A9A7DEB11A6197F20086A830 /* sound */,
				A997B20B1A5AD8FC00E0319A /* AppDelegate.swift */,
				A997B20D1A5AD8FC00E0319A /* GameScene.sks */,
				A997B20F1A5AD8FC00E0319A /* GameScene.swift */,
				A997B2111A5AD8FC00E0319A /* GameViewController.swift */,
				A965903D1A87664400F49D2F /* ResultModal.swift */,
				A997B2131A5AD8FC00E0319A /* Main.storyboard */,
				A997B2161A5AD8FC00E0319A /* Images.xcassets */,
				A997B2181A5AD8FC00E0319A /* LaunchScreen.xib */,
				A997B2091A5AD8FC00E0319A /* Supporting Files */,
				A93A9EDA1A61588F0074EC00 /* Hae.swift */,
				A9A0C2411A77EB1200583FC5 /* cat-Bridging-Header.h */,
				A96590511A94F1E400F49D2F /* MainScene.sks */,
				A95EBFD11A94F23300C31619 /* MainScene.swift */,
				A95EBFD31A9B919A00C31619 /* HaeBaby.swift */,
				A91609B81AA5ED13006FD716 /* HaeKing.swift */,
				A91609BA1AA5FF9E006FD716 /* AppConfig.swift */,
				A90CE5771AA88EF900F3A565 /* UserDataUtil.swift */,
				A90CE58A1AAB0BEF00F3A565 /* HowtoScene.sks */,
				A90CE58C1AAB0C3900F3A565 /* HowtoScene.swift */,
			);
			path = cat;
			sourceTree = "<group>";
		};
		A997B2091A5AD8FC00E0319A /* Supporting Files */ = {
			isa = PBXGroup;
			children = (
				A90CE5CB1AAD746B00F3A565 /* Info.plist */,
				A90CE6041AAD86A400F3A565 /* Localizable.strings */,
				A9A4FC121AADE1B500C963E1 /* InfoPlist.strings */,
			);
			name = "Supporting Files";
			sourceTree = "<group>";
		};
		A997B2221A5AD8FC00E0319A /* catTests */ = {
			isa = PBXGroup;
			children = (
				A997B2251A5AD8FC00E0319A /* catTests.swift */,
				A997B2231A5AD8FC00E0319A /* Supporting Files */,
			);
			path = catTests;
			sourceTree = "<group>";
		};
		A997B2231A5AD8FC00E0319A /* Supporting Files */ = {
			isa = PBXGroup;
			children = (
				A997B2241A5AD8FC00E0319A /* Info.plist */,
			);
			name = "Supporting Files";
			sourceTree = "<group>";
		};
		A9A0C2441A7E67DE00583FC5 /* images */ = {
			isa = PBXGroup;
			children = (
				A90CE5791AA89CFD00F3A565 /* best.png */,
				A9939D881AA4974F008A9239 /* main.png */,
				A90CE5811AA8C3FA00F3A565 /* tweet_btn.png */,
				A90CE6081AAD8A1800F3A565 /* howtoview.png */,
				A90CE5821AA8C3FA00F3A565 /* fb_btn.png */,
				A91609C81AA61E9F006FD716 /* room.png */,
				A90CE5D01AAD751A00F3A565 /* title.png */,
				A90CE5FA1AAD7C4E00F3A565 /* title_main.png */,
				A90CE5E11AAD795900F3A565 /* start_btn.png */,
				A90CE5D51AAD75B900F3A565 /* howto_btn.png */,
				A90CE5DC1AAD788A00F3A565 /* ranking_btn.png */,
				A96590451A88F24300F49D2F /* result_foot.png */,
				A90CE5EE1AAD7C2800F3A565 /* retry_btn.png */,
				A91609B21AA5EA8D006FD716 /* boss_1.png */,
				A91609B31AA5EA8D006FD716 /* boss_2.png */,
				A90CE5FE1AAD7D4B00F3A565 /* stop_btn.png */,
				A90CE5E61AAD7A3E00F3A565 /* sum.png */,
				A90CE5F21AAD7C3500F3A565 /* back_btn.png */,
				A965903F1A88F0FC00F49D2F /* result_content.png */,
				A91609B61AA5ECDF006FD716 /* boss_hit.png */,
				A90CE5F61AAD7C3F00F3A565 /* result_head.png */,
				A9A0C24D1A7FB1D300583FC5 /* pt_bg.png */,
				A90CE5EA1AAD7A4D00F3A565 /* remain.png */,
			);
			name = images;
			sourceTree = "<group>";
		};
		A9A7DEB11A6197F20086A830 /* sound */ = {
			isa = PBXGroup;
			children = (
				A9939D901AA4AEF0008A9239 /* sum.mp3 */,
				A9939D8E1AA4AE2D008A9239 /* pt.mp3 */,
				A9939D8C1AA4AB8C008A9239 /* btn.mp3 */,
				A96590471A8A6EA700F49D2F /* fly.mp3 */,
				A9A0C2421A7CBD1900583FC5 /* hit.mp3 */,
				A9A7DEB21A6197FC0086A830 /* coin.mp3 */,
			);
			name = sound;
			sourceTree = "<group>";
		};
/* End PBXGroup section */

/* Begin PBXNativeTarget section */
		A997B2051A5AD8FC00E0319A /* cat */ = {
			isa = PBXNativeTarget;
			buildConfigurationList = A997B2291A5AD8FC00E0319A /* Build configuration list for PBXNativeTarget "cat" */;
			buildPhases = (
				48D76E9B77D95FD42E63E36E /* [CP] Check Pods Manifest.lock */,
				A997B2021A5AD8FC00E0319A /* Sources */,
				A997B2031A5AD8FC00E0319A /* Frameworks */,
				A997B2041A5AD8FC00E0319A /* Resources */,
				72DD80A2264D374DBA598A2A /* [CP] Embed Pods Frameworks */,
				BBC6712ACF3788260A709810 /* [CP] Copy Pods Resources */,
			);
			buildRules = (
			);
			dependencies = (
			);
			name = cat;
			productName = cat;
			productReference = A997B2061A5AD8FC00E0319A /* cat.app */;
			productType = "com.apple.product-type.application";
		};
/* End PBXNativeTarget section */

/* Begin PBXProject section */
		A997B1FE1A5AD8FC00E0319A /* Project object */ = {
			isa = PBXProject;
			attributes = {
				LastSwiftMigration = 0710;
				LastSwiftUpdateCheck = 0710;
				LastUpgradeCheck = 0930;
				ORGANIZATIONNAME = com.maroton;
				TargetAttributes = {
					A997B2051A5AD8FC00E0319A = {
						CreatedOnToolsVersion = 6.1;
						DevelopmentTeam = JKK37487L2;
						LastSwiftMigration = 0800;
						ProvisioningStyle = Automatic;
						SystemCapabilities = {
							com.apple.InAppPurchase = {
								enabled = 0;
							};
							com.apple.Push = {
								enabled = 1;
							};
						};
					};
				};
			};
			buildConfigurationList = A997B2011A5AD8FC00E0319A /* Build configuration list for PBXProject "cat" */;
			compatibilityVersion = "Xcode 3.2";
			developmentRegion = English;
			hasScannedForEncodings = 0;
			knownRegions = (
				en,
				Base,
				ja,
			);
			mainGroup = A997B1FD1A5AD8FC00E0319A;
			productRefGroup = A997B2071A5AD8FC00E0319A /* Products */;
			projectDirPath = "";
			projectRoot = "";
			targets = (
				A997B2051A5AD8FC00E0319A /* cat */,
			);
		};
/* End PBXProject section */

/* Begin PBXResourcesBuildPhase section */
		A997B2041A5AD8FC00E0319A /* Resources */ = {
			isa = PBXResourcesBuildPhase;
			buildActionMask = 2147483647;
			files = (
				A9939D8F1AA4AE2D008A9239 /* pt.mp3 in Resources */,
				A90CE5F01AAD7C3500F3A565 /* back_btn.png in Resources */,
				A90CE5CE1AAD751A00F3A565 /* title.png in Resources */,
				A96590421A88F0FC00F49D2F /* result_content.png in Resources */,
				A997B21A1A5AD8FC00E0319A /* LaunchScreen.xib in Resources */,
				A90CE6061AAD8A1800F3A565 /* howtoview.png in Resources */,
				A90CE5F41AAD7C3F00F3A565 /* result_head.png in Resources */,
				A90CE5E41AAD7A3E00F3A565 /* sum.png in Resources */,
				A91609B41AA5EA8D006FD716 /* boss_1.png in Resources */,
				A973B0511AAF33B4000E094E /* NADView_readme.txt in Resources */,
				A9686D2B2080426C00AAB4BD /* GoogleService-Info.plist in Resources */,
				A973B04F1AAF33B4000E094E /* libAdapterNend_readme.txt in Resources */,
				A9A7DEB31A6197FC0086A830 /* coin.mp3 in Resources */,
				A90CE5FC1AAD7D4B00F3A565 /* stop_btn.png in Resources */,
				A9A0C2431A7CBD1900583FC5 /* hit.mp3 in Resources */,
				A9A0C21C1A72C99A00583FC5 /* hae.atlas in Resources */,
				A91609B51AA5EA8D006FD716 /* boss_2.png in Resources */,
				A96590461A88F24300F49D2F /* result_foot.png in Resources */,
				A90CE5831AA8C3FA00F3A565 /* tweet_btn.png in Resources */,
				A9A4FC101AADE1B500C963E1 /* InfoPlist.strings in Resources */,
				A973B0521AAF33B4000E094E /* nendSDKiOS2.5.7_manual.pdf in Resources */,
				A90CE5DA1AAD788A00F3A565 /* ranking_btn.png in Resources */,
				A9939D911AA4AEF0008A9239 /* sum.mp3 in Resources */,
				A90CE58B1AAB0BEF00F3A565 /* HowtoScene.sks in Resources */,
				A90CE5D31AAD75B900F3A565 /* howto_btn.png in Resources */,
				A9939D8D1AA4AB8C008A9239 /* btn.mp3 in Resources */,
				A90CE5F81AAD7C4E00F3A565 /* title_main.png in Resources */,
				A96590521A94F1E400F49D2F /* MainScene.sks in Resources */,
				A90CE57A1AA89CFD00F3A565 /* best.png in Resources */,
				A997B2171A5AD8FC00E0319A /* Images.xcassets in Resources */,
				A96590481A8A6EA700F49D2F /* fly.mp3 in Resources */,
				A997B20E1A5AD8FC00E0319A /* GameScene.sks in Resources */,
				A91609B71AA5ECDF006FD716 /* boss_hit.png in Resources */,
				A91609C91AA61E9F006FD716 /* room.png in Resources */,
				A90CE5DF1AAD795900F3A565 /* start_btn.png in Resources */,
				A9A0C22C1A73B93500583FC5 /* README.txt in Resources */,
				A90CE5EC1AAD7C2800F3A565 /* retry_btn.png in Resources */,
				A9A0C24E1A7FB1D300583FC5 /* pt_bg.png in Resources */,
				A997B2151A5AD8FC00E0319A /* Main.storyboard in Resources */,
				A90CE5841AA8C3FA00F3A565 /* fb_btn.png in Resources */,
				A90CE6021AAD86A400F3A565 /* Localizable.strings in Resources */,
				A9939D8A1AA4974F008A9239 /* main.png in Resources */,
				A90CE5E81AAD7A4D00F3A565 /* remain.png in Resources */,
			);
			runOnlyForDeploymentPostprocessing = 0;
		};
/* End PBXResourcesBuildPhase section */

/* Begin PBXShellScriptBuildPhase section */
		48D76E9B77D95FD42E63E36E /* [CP] Check Pods Manifest.lock */ = {
			isa = PBXShellScriptBuildPhase;
			buildActionMask = 2147483647;
			files = (
			);
			inputPaths = (
				"${PODS_PODFILE_DIR_PATH}/Podfile.lock",
				"${PODS_ROOT}/Manifest.lock",
			);
			name = "[CP] Check Pods Manifest.lock";
			outputPaths = (
				"$(DERIVED_FILE_DIR)/Pods-cat-checkManifestLockResult.txt",
			);
			runOnlyForDeploymentPostprocessing = 0;
			shellPath = /bin/sh;
			shellScript = "diff \"${PODS_PODFILE_DIR_PATH}/Podfile.lock\" \"${PODS_ROOT}/Manifest.lock\" > /dev/null\nif [ $? != 0 ] ; then\n    # print error to STDERR\n    echo \"error: The sandbox is not in sync with the Podfile.lock. Run 'pod install' or update your CocoaPods installation.\" >&2\n    exit 1\nfi\n# This output is used by Xcode 'outputs' to avoid re-running this script phase.\necho \"SUCCESS\" > \"${SCRIPT_OUTPUT_FILE_0}\"\n";
			showEnvVarsInLog = 0;
		};
		72DD80A2264D374DBA598A2A /* [CP] Embed Pods Frameworks */ = {
			isa = PBXShellScriptBuildPhase;
			buildActionMask = 2147483647;
			files = (
			);
			inputPaths = (
				"${SRCROOT}/Pods/Target Support Files/Pods-cat/Pods-cat-frameworks.sh",
				"${BUILT_PRODUCTS_DIR}/GoogleToolboxForMac/GoogleToolboxForMac.framework",
				"${BUILT_PRODUCTS_DIR}/Protobuf/Protobuf.framework",
				"${BUILT_PRODUCTS_DIR}/nanopb/nanopb.framework",
			);
			name = "[CP] Embed Pods Frameworks";
			outputPaths = (
				"${TARGET_BUILD_DIR}/${FRAMEWORKS_FOLDER_PATH}/GoogleToolboxForMac.framework",
				"${TARGET_BUILD_DIR}/${FRAMEWORKS_FOLDER_PATH}/Protobuf.framework",
				"${TARGET_BUILD_DIR}/${FRAMEWORKS_FOLDER_PATH}/nanopb.framework",
			);
			runOnlyForDeploymentPostprocessing = 0;
			shellPath = /bin/sh;
			shellScript = "\"${SRCROOT}/Pods/Target Support Files/Pods-cat/Pods-cat-frameworks.sh\"\n";
			showEnvVarsInLog = 0;
		};
		BBC6712ACF3788260A709810 /* [CP] Copy Pods Resources */ = {
			isa = PBXShellScriptBuildPhase;
			buildActionMask = 2147483647;
			files = (
			);
			inputPaths = (
			);
			name = "[CP] Copy Pods Resources";
			outputPaths = (
			);
			runOnlyForDeploymentPostprocessing = 0;
			shellPath = /bin/sh;
			shellScript = "\"${SRCROOT}/Pods/Target Support Files/Pods-cat/Pods-cat-resources.sh\"\n";
			showEnvVarsInLog = 0;
		};
/* End PBXShellScriptBuildPhase section */

/* Begin PBXSourcesBuildPhase section */
		A997B2021A5AD8FC00E0319A /* Sources */ = {
			isa = PBXSourcesBuildPhase;
			buildActionMask = 2147483647;
			files = (
				A90CE58D1AAB0C3900F3A565 /* HowtoScene.swift in Sources */,
				A91609BB1AA5FF9E006FD716 /* AppConfig.swift in Sources */,
				A997B2121A5AD8FC00E0319A /* GameViewController.swift in Sources */,
				A91609B91AA5ED13006FD716 /* HaeKing.swift in Sources */,
				A93A9EDB1A61588F0074EC00 /* Hae.swift in Sources */,
				A95EBFD41A9B919A00C31619 /* HaeBaby.swift in Sources */,
				A965903E1A87664400F49D2F /* ResultModal.swift in Sources */,
				A90CE5781AA88EF900F3A565 /* UserDataUtil.swift in Sources */,
				A95EBFD21A94F23300C31619 /* MainScene.swift in Sources */,
				A9E375EF1A6241BB00274A8F /* GameScene.swift in Sources */,
				A997B20C1A5AD8FC00E0319A /* AppDelegate.swift in Sources */,
			);
			runOnlyForDeploymentPostprocessing = 0;
		};
/* End PBXSourcesBuildPhase section */

/* Begin PBXVariantGroup section */
		A90CE5CB1AAD746B00F3A565 /* Info.plist */ = {
			isa = PBXVariantGroup;
			children = (
				A90CE5CC1AAD746D00F3A565 /* ja */,
				A90CE60B1AADD79700F3A565 /* Base */,
			);
			name = Info.plist;
			sourceTree = "<group>";
		};
		A90CE5D01AAD751A00F3A565 /* title.png */ = {
			isa = PBXVariantGroup;
			children = (
				A90CE5CF1AAD751A00F3A565 /* Base */,
				A90CE5D81AAD779400F3A565 /* ja */,
			);
			name = title.png;
			sourceTree = "<group>";
		};
		A90CE5D51AAD75B900F3A565 /* howto_btn.png */ = {
			isa = PBXVariantGroup;
			children = (
				A90CE5D41AAD75B900F3A565 /* Base */,
				A90CE5D91AAD77A100F3A565 /* ja */,
			);
			name = howto_btn.png;
			sourceTree = "<group>";
		};
		A90CE5DC1AAD788A00F3A565 /* ranking_btn.png */ = {
			isa = PBXVariantGroup;
			children = (
				A90CE5DB1AAD788A00F3A565 /* Base */,
				A90CE5DE1AAD788C00F3A565 /* ja */,
			);
			name = ranking_btn.png;
			sourceTree = "<group>";
		};
		A90CE5E11AAD795900F3A565 /* start_btn.png */ = {
			isa = PBXVariantGroup;
			children = (
				A90CE5E01AAD795900F3A565 /* Base */,
				A90CE5E31AAD795B00F3A565 /* ja */,
			);
			name = start_btn.png;
			sourceTree = "<group>";
		};
		A90CE5E61AAD7A3E00F3A565 /* sum.png */ = {
			isa = PBXVariantGroup;
			children = (
				A90CE5E51AAD7A3E00F3A565 /* Base */,
				A90CE5E71AAD7A3F00F3A565 /* ja */,
			);
			name = sum.png;
			sourceTree = "<group>";
		};
		A90CE5EA1AAD7A4D00F3A565 /* remain.png */ = {
			isa = PBXVariantGroup;
			children = (
				A90CE5E91AAD7A4D00F3A565 /* Base */,
				A90CE5EB1AAD7A4E00F3A565 /* ja */,
			);
			name = remain.png;
			sourceTree = "<group>";
		};
		A90CE5EE1AAD7C2800F3A565 /* retry_btn.png */ = {
			isa = PBXVariantGroup;
			children = (
				A90CE5ED1AAD7C2800F3A565 /* Base */,
				A90CE5EF1AAD7C2900F3A565 /* ja */,
			);
			name = retry_btn.png;
			sourceTree = "<group>";
		};
		A90CE5F21AAD7C3500F3A565 /* back_btn.png */ = {
			isa = PBXVariantGroup;
			children = (
				A90CE5F11AAD7C3500F3A565 /* Base */,
				A90CE5F31AAD7C3600F3A565 /* ja */,
			);
			name = back_btn.png;
			sourceTree = "<group>";
		};
		A90CE5F61AAD7C3F00F3A565 /* result_head.png */ = {
			isa = PBXVariantGroup;
			children = (
				A90CE5F51AAD7C3F00F3A565 /* Base */,
				A90CE5F71AAD7C4100F3A565 /* ja */,
			);
			name = result_head.png;
			sourceTree = "<group>";
		};
		A90CE5FA1AAD7C4E00F3A565 /* title_main.png */ = {
			isa = PBXVariantGroup;
			children = (
				A90CE5F91AAD7C4E00F3A565 /* Base */,
				A90CE5FB1AAD7C4F00F3A565 /* ja */,
			);
			name = title_main.png;
			sourceTree = "<group>";
		};
		A90CE5FE1AAD7D4B00F3A565 /* stop_btn.png */ = {
			isa = PBXVariantGroup;
			children = (
				A90CE5FD1AAD7D4B00F3A565 /* Base */,
				A90CE5FF1AAD7D4C00F3A565 /* ja */,
			);
			name = stop_btn.png;
			sourceTree = "<group>";
		};
		A90CE6041AAD86A400F3A565 /* Localizable.strings */ = {
			isa = PBXVariantGroup;
			children = (
				A90CE6031AAD86A400F3A565 /* Base */,
				A90CE6051AAD86A500F3A565 /* ja */,
			);
			name = Localizable.strings;
			sourceTree = "<group>";
		};
		A90CE6081AAD8A1800F3A565 /* howtoview.png */ = {
			isa = PBXVariantGroup;
			children = (
				A90CE6071AAD8A1800F3A565 /* Base */,
				A90CE6091AAD8A1900F3A565 /* ja */,
			);
			name = howtoview.png;
			sourceTree = "<group>";
		};
		A997B2131A5AD8FC00E0319A /* Main.storyboard */ = {
			isa = PBXVariantGroup;
			children = (
				A997B2141A5AD8FC00E0319A /* Base */,
				A90CE5C41AAD745900F3A565 /* ja */,
			);
			name = Main.storyboard;
			sourceTree = "<group>";
		};
		A997B2181A5AD8FC00E0319A /* LaunchScreen.xib */ = {
			isa = PBXVariantGroup;
			children = (
				A997B2191A5AD8FC00E0319A /* Base */,
				A90CE5C51AAD745900F3A565 /* ja */,
			);
			name = LaunchScreen.xib;
			sourceTree = "<group>";
		};
		A9A4FC121AADE1B500C963E1 /* InfoPlist.strings */ = {
			isa = PBXVariantGroup;
			children = (
				A9A4FC111AADE1B500C963E1 /* Base */,
				A9A4FC131AADE1B700C963E1 /* ja */,
			);
			name = InfoPlist.strings;
			sourceTree = "<group>";
		};
/* End PBXVariantGroup section */

/* Begin XCBuildConfiguration section */
		A997B2271A5AD8FC00E0319A /* Debug */ = {
			isa = XCBuildConfiguration;
			buildSettings = {
				ALWAYS_SEARCH_USER_PATHS = NO;
				CLANG_ANALYZER_LOCALIZABILITY_NONLOCALIZED = YES;
				CLANG_CXX_LANGUAGE_STANDARD = "gnu++0x";
				CLANG_CXX_LIBRARY = "libc++";
				CLANG_ENABLE_MODULES = YES;
				CLANG_ENABLE_OBJC_ARC = YES;
				CLANG_WARN_BLOCK_CAPTURE_AUTORELEASING = YES;
				CLANG_WARN_BOOL_CONVERSION = YES;
				CLANG_WARN_COMMA = YES;
				CLANG_WARN_CONSTANT_CONVERSION = YES;
				CLANG_WARN_DEPRECATED_OBJC_IMPLEMENTATIONS = YES;
				CLANG_WARN_DIRECT_OBJC_ISA_USAGE = YES_ERROR;
				CLANG_WARN_EMPTY_BODY = YES;
				CLANG_WARN_ENUM_CONVERSION = YES;
				CLANG_WARN_INFINITE_RECURSION = YES;
				CLANG_WARN_INT_CONVERSION = YES;
				CLANG_WARN_NON_LITERAL_NULL_CONVERSION = YES;
				CLANG_WARN_OBJC_IMPLICIT_RETAIN_SELF = YES;
				CLANG_WARN_OBJC_LITERAL_CONVERSION = YES;
				CLANG_WARN_OBJC_ROOT_CLASS = YES_ERROR;
				CLANG_WARN_RANGE_LOOP_ANALYSIS = YES;
				CLANG_WARN_STRICT_PROTOTYPES = YES;
				CLANG_WARN_SUSPICIOUS_MOVE = YES;
				CLANG_WARN_UNREACHABLE_CODE = YES;
				CLANG_WARN__DUPLICATE_METHOD_MATCH = YES;
				CODE_SIGN_IDENTITY = "iPhone Developer";
				"CODE_SIGN_IDENTITY[sdk=iphoneos*]" = "iPhone Developer";
				COPY_PHASE_STRIP = NO;
				ENABLE_BITCODE = NO;
				ENABLE_STRICT_OBJC_MSGSEND = YES;
				ENABLE_TESTABILITY = YES;
				GCC_C_LANGUAGE_STANDARD = gnu99;
				GCC_DYNAMIC_NO_PIC = NO;
				GCC_NO_COMMON_BLOCKS = YES;
				GCC_OPTIMIZATION_LEVEL = 0;
				GCC_PREPROCESSOR_DEFINITIONS = (
					"DEBUG=1",
					"$(inherited)",
				);
				GCC_SYMBOLS_PRIVATE_EXTERN = NO;
				GCC_WARN_64_TO_32_BIT_CONVERSION = YES;
				GCC_WARN_ABOUT_RETURN_TYPE = YES_ERROR;
				GCC_WARN_UNDECLARED_SELECTOR = YES;
				GCC_WARN_UNINITIALIZED_AUTOS = YES_AGGRESSIVE;
				GCC_WARN_UNUSED_FUNCTION = YES;
				GCC_WARN_UNUSED_VARIABLE = YES;
				IPHONEOS_DEPLOYMENT_TARGET = 8.1;
				MTL_ENABLE_DEBUG_INFO = YES;
				ONLY_ACTIVE_ARCH = YES;
				"OTHER_LDFLAGS[arch=*]" = "-ObjC";
				SDKROOT = iphoneos;
				SWIFT_OPTIMIZATION_LEVEL = "-Onone";
			};
			name = Debug;
		};
		A997B2281A5AD8FC00E0319A /* Release */ = {
			isa = XCBuildConfiguration;
			buildSettings = {
				ALWAYS_SEARCH_USER_PATHS = NO;
				CLANG_ANALYZER_LOCALIZABILITY_NONLOCALIZED = YES;
				CLANG_CXX_LANGUAGE_STANDARD = "gnu++0x";
				CLANG_CXX_LIBRARY = "libc++";
				CLANG_ENABLE_MODULES = YES;
				CLANG_ENABLE_OBJC_ARC = YES;
				CLANG_WARN_BLOCK_CAPTURE_AUTORELEASING = YES;
				CLANG_WARN_BOOL_CONVERSION = YES;
				CLANG_WARN_COMMA = YES;
				CLANG_WARN_CONSTANT_CONVERSION = YES;
				CLANG_WARN_DEPRECATED_OBJC_IMPLEMENTATIONS = YES;
				CLANG_WARN_DIRECT_OBJC_ISA_USAGE = YES_ERROR;
				CLANG_WARN_EMPTY_BODY = YES;
				CLANG_WARN_ENUM_CONVERSION = YES;
				CLANG_WARN_INFINITE_RECURSION = YES;
				CLANG_WARN_INT_CONVERSION = YES;
				CLANG_WARN_NON_LITERAL_NULL_CONVERSION = YES;
				CLANG_WARN_OBJC_IMPLICIT_RETAIN_SELF = YES;
				CLANG_WARN_OBJC_LITERAL_CONVERSION = YES;
				CLANG_WARN_OBJC_ROOT_CLASS = YES_ERROR;
				CLANG_WARN_RANGE_LOOP_ANALYSIS = YES;
				CLANG_WARN_STRICT_PROTOTYPES = YES;
				CLANG_WARN_SUSPICIOUS_MOVE = YES;
				CLANG_WARN_UNREACHABLE_CODE = YES;
				CLANG_WARN__DUPLICATE_METHOD_MATCH = YES;
				CODE_SIGN_IDENTITY = "iPhone Developer";
				"CODE_SIGN_IDENTITY[sdk=iphoneos*]" = "iPhone Developer";
				COPY_PHASE_STRIP = YES;
				ENABLE_BITCODE = NO;
				ENABLE_NS_ASSERTIONS = NO;
				ENABLE_STRICT_OBJC_MSGSEND = YES;
				GCC_C_LANGUAGE_STANDARD = gnu99;
				GCC_NO_COMMON_BLOCKS = YES;
				GCC_WARN_64_TO_32_BIT_CONVERSION = YES;
				GCC_WARN_ABOUT_RETURN_TYPE = YES_ERROR;
				GCC_WARN_UNDECLARED_SELECTOR = YES;
				GCC_WARN_UNINITIALIZED_AUTOS = YES_AGGRESSIVE;
				GCC_WARN_UNUSED_FUNCTION = YES;
				GCC_WARN_UNUSED_VARIABLE = YES;
				IPHONEOS_DEPLOYMENT_TARGET = 8.1;
				MTL_ENABLE_DEBUG_INFO = NO;
				"OTHER_LDFLAGS[arch=*]" = "-ObjC";
				SDKROOT = iphoneos;
				SWIFT_OPTIMIZATION_LEVEL = "-Owholemodule";
				VALIDATE_PRODUCT = YES;
			};
			name = Release;
		};
		A997B22A1A5AD8FC00E0319A /* Debug */ = {
			isa = XCBuildConfiguration;
			baseConfigurationReference = 6F80F50BEB3FFDFD55C3DF93 /* Pods-cat.debug.xcconfig */;
			buildSettings = {
				ASSETCATALOG_COMPILER_APPICON_NAME = AppIcon;
				CODE_SIGN_ENTITLEMENTS = cat/cat.entitlements;
				CODE_SIGN_IDENTITY = "iPhone Developer";
				CODE_SIGN_STYLE = Automatic;
				DEVELOPMENT_TEAM = JKK37487L2;
				INFOPLIST_FILE = cat/Base.lproj/Info.plist;
				LD_RUNPATH_SEARCH_PATHS = "$(inherited) @executable_path/Frameworks";
				LIBRARY_SEARCH_PATHS = (
					"$(inherited)",
					"$(PROJECT_DIR)",
					"$(PROJECT_DIR)/NendSDK_iOS-2.5.7/AdMobMediationAdapter",
					"$(PROJECT_DIR)/NendSDK_iOS-2.5.7/Nend/NendAd",
				);
				PRODUCT_BUNDLE_IDENTIFIER = com.maroton.oyajibae;
				PRODUCT_NAME = "$(TARGET_NAME)";
				PROVISIONING_PROFILE = "";
				PROVISIONING_PROFILE_SPECIFIER = "";
				SWIFT_OBJC_BRIDGING_HEADER = "$(SRCROOT)/$(PROJECT)/cat-Bridging-Header.h";
				SWIFT_VERSION = 3.0;
			};
			name = Debug;
		};
		A997B22B1A5AD8FC00E0319A /* Release */ = {
			isa = XCBuildConfiguration;
			baseConfigurationReference = D2772CC5F9E9B6BD40806966 /* Pods-cat.release.xcconfig */;
			buildSettings = {
				ASSETCATALOG_COMPILER_APPICON_NAME = AppIcon;
				CODE_SIGN_ENTITLEMENTS = cat/cat.entitlements;
				CODE_SIGN_IDENTITY = "iPhone Developer";
				CODE_SIGN_STYLE = Automatic;
				DEVELOPMENT_TEAM = JKK37487L2;
				INFOPLIST_FILE = cat/Base.lproj/Info.plist;
				LD_RUNPATH_SEARCH_PATHS = "$(inherited) @executable_path/Frameworks";
				LIBRARY_SEARCH_PATHS = (
					"$(inherited)",
					"$(PROJECT_DIR)",
					"$(PROJECT_DIR)/NendSDK_iOS-2.5.7/AdMobMediationAdapter",
					"$(PROJECT_DIR)/NendSDK_iOS-2.5.7/Nend/NendAd",
				);
				PRODUCT_BUNDLE_IDENTIFIER = com.maroton.oyajibae;
				PRODUCT_NAME = "$(TARGET_NAME)";
				PROVISIONING_PROFILE = "";
				PROVISIONING_PROFILE_SPECIFIER = "";
				SWIFT_OBJC_BRIDGING_HEADER = "$(SRCROOT)/$(PROJECT)/cat-Bridging-Header.h";
				SWIFT_VERSION = 3.0;
			};
			name = Release;
		};
/* End XCBuildConfiguration section */

/* Begin XCConfigurationList section */
		A997B2011A5AD8FC00E0319A /* Build configuration list for PBXProject "cat" */ = {
			isa = XCConfigurationList;
			buildConfigurations = (
				A997B2271A5AD8FC00E0319A /* Debug */,
				A997B2281A5AD8FC00E0319A /* Release */,
			);
			defaultConfigurationIsVisible = 0;
			defaultConfigurationName = Release;
		};
		A997B2291A5AD8FC00E0319A /* Build configuration list for PBXNativeTarget "cat" */ = {
			isa = XCConfigurationList;
			buildConfigurations = (
				A997B22A1A5AD8FC00E0319A /* Debug */,
				A997B22B1A5AD8FC00E0319A /* Release */,
			);
			defaultConfigurationIsVisible = 0;
			defaultConfigurationName = Release;
		};
/* End XCConfigurationList section */
	};
	rootObject = A997B1FE1A5AD8FC00E0319A /* Project object */;
}
